// !$*UTF8*$!
{
	archiveVersion = 1;
	classes = {
	};
	objectVersion = 77;
	objects = {

/* Begin PBXBuildFile section */
		1F5386C22F4B2B8A00A1D08F /* UIViewContrller + Extension.swift in Sources */ = {isa = PBXBuildFile; fileRef = 1F5386C12F4B2B7400A1D08F /* UIViewContrller + Extension.swift */; };
		1FD924552F4A052E006A7A6A /* WatefallLayout.swift in Sources */ = {isa = PBXBuildFile; fileRef = 1FD924542F4A052E006A7A6A /* WatefallLayout.swift */; };
		1FED34AB2F49A79F005062F8 /* Assets.xcassets in Resources */ = {isa = PBXBuildFile; fileRef = 1FED34A42F49A79F005062F8 /* Assets.xcassets */; };
		1FED34AD2F49A79F005062F8 /* LaunchScreen.storyboard in Resources */ = {isa = PBXBuildFile; fileRef = 1FED34A72F49A79F005062F8 /* LaunchScreen.storyboard */; };
		1FED34AE2F49A79F005062F8 /* AppDelegate.swift in Sources */ = {isa = PBXBuildFile; fileRef = 1FED34A32F49A79F005062F8 /* AppDelegate.swift */; };
		1FED34AF2F49A79F005062F8 /* SceneDelegate.swift in Sources */ = {isa = PBXBuildFile; fileRef = 1FED34A82F49A79F005062F8 /* SceneDelegate.swift */; };
		1FED34B02F49A79F005062F8 /* ViewController.swift in Sources */ = {isa = PBXBuildFile; fileRef = 1FED34A92F49A79F005062F8 /* ViewController.swift */; };
		1FED34B22F49A7AE005062F8 /* MainScreen.swift in Sources */ = {isa = PBXBuildFile; fileRef = 1FED34B12F49A7AE005062F8 /* MainScreen.swift */; };
		1FED34B42F49A7B9005062F8 /* FavoriteScreen.swift in Sources */ = {isa = PBXBuildFile; fileRef = 1FED34B32F49A7B9005062F8 /* FavoriteScreen.swift */; };
		1FED34B62F49A7C6005062F8 /* DetailsScreen.swift in Sources */ = {isa = PBXBuildFile; fileRef = 1FED34B52F49A7C6005062F8 /* DetailsScreen.swift */; };
		1FED34B82F49A7CD005062F8 /* TabBar.swift in Sources */ = {isa = PBXBuildFile; fileRef = 1FED34B72F49A7CD005062F8 /* TabBar.swift */; };
		1FED34BC2F49A8A0005062F8 /* FeedCollection.swift in Sources */ = {isa = PBXBuildFile; fileRef = 1FED34BB2F49A8A0005062F8 /* FeedCollection.swift */; };
		1FED34C02F49A8B1005062F8 /* FeedCell.swift in Sources */ = {isa = PBXBuildFile; fileRef = 1FED34BF2F49A8B1005062F8 /* FeedCell.swift */; };
		1FED35C92F49B110005062F8 /* Main.storyboard in Resources */ = {isa = PBXBuildFile; fileRef = 1FED35C82F49B110005062F8 /* Main.storyboard */; };
/* End PBXBuildFile section */

/* Begin PBXFileReference section */
		1F5386C12F4B2B7400A1D08F /* UIViewContrller + Extension.swift */ = {isa = PBXFileReference; lastKnownFileType = sourcecode.swift; path = "UIViewContrller + Extension.swift"; sourceTree = "<group>"; };
		1F725DAF2F49A703007DF68D /* Unsplash Gallery.app */ = {isa = PBXFileReference; explicitFileType = wrapper.application; includeInIndex = 0; path = "Unsplash Gallery.app"; sourceTree = BUILT_PRODUCTS_DIR; };
		1FD924542F4A052E006A7A6A /* WatefallLayout.swift */ = {isa = PBXFileReference; lastKnownFileType = sourcecode.swift; path = WatefallLayout.swift; sourceTree = "<group>"; };
		1FED34A32F49A79F005062F8 /* AppDelegate.swift */ = {isa = PBXFileReference; lastKnownFileType = sourcecode.swift; path = AppDelegate.swift; sourceTree = "<group>"; };
		1FED34A42F49A79F005062F8 /* Assets.xcassets */ = {isa = PBXFileReference; lastKnownFileType = folder.assetcatalog; path = Assets.xcassets; sourceTree = "<group>"; };
		1FED34A52F49A79F005062F8 /* Info.plist */ = {isa = PBXFileReference; lastKnownFileType = text.plist.xml; path = Info.plist; sourceTree = "<group>"; };
		1FED34A62F49A79F005062F8 /* Base */ = {isa = PBXFileReference; lastKnownFileType = file.storyboard; name = Base; path = Base.lproj/LaunchScreen.storyboard; sourceTree = "<group>"; };
		1FED34A82F49A79F005062F8 /* SceneDelegate.swift */ = {isa = PBXFileReference; lastKnownFileType = sourcecode.swift; path = SceneDelegate.swift; sourceTree = "<group>"; };
		1FED34A92F49A79F005062F8 /* ViewController.swift */ = {isa = PBXFileReference; lastKnownFileType = sourcecode.swift; path = ViewController.swift; sourceTree = "<group>"; };
		1FED34B12F49A7AE005062F8 /* MainScreen.swift */ = {isa = PBXFileReference; lastKnownFileType = sourcecode.swift; path = MainScreen.swift; sourceTree = "<group>"; };
		1FED34B32F49A7B9005062F8 /* FavoriteScreen.swift */ = {isa = PBXFileReference; lastKnownFileType = sourcecode.swift; path = FavoriteScreen.swift; sourceTree = "<group>"; };
		1FED34B52F49A7C6005062F8 /* DetailsScreen.swift */ = {isa = PBXFileReference; lastKnownFileType = sourcecode.swift; path = DetailsScreen.swift; sourceTree = "<group>"; };
		1FED34B72F49A7CD005062F8 /* TabBar.swift */ = {isa = PBXFileReference; lastKnownFileType = sourcecode.swift; path = TabBar.swift; sourceTree = "<group>"; };
		1FED34BB2F49A8A0005062F8 /* FeedCollection.swift */ = {isa = PBXFileReference; lastKnownFileType = sourcecode.swift; path = FeedCollection.swift; sourceTree = "<group>"; };
		1FED34BF2F49A8B1005062F8 /* FeedCell.swift */ = {isa = PBXFileReference; lastKnownFileType = sourcecode.swift; path = FeedCell.swift; sourceTree = "<group>"; };
		1FED35C82F49B110005062F8 /* Main.storyboard */ = {isa = PBXFileReference; lastKnownFileType = file.storyboard; path = Main.storyboard; sourceTree = "<group>"; };
/* End PBXFileReference section */

/* Begin PBXFrameworksBuildPhase section */
		1F725DAC2F49A703007DF68D /* Frameworks */ = {
			isa = PBXFrameworksBuildPhase;
			buildActionMask = 2147483647;
			files = (
			);
			runOnlyForDeploymentPostprocessing = 0;
		};
/* End PBXFrameworksBuildPhase section */

/* Begin PBXGroup section */
		1F725DA62F49A703007DF68D = {
			isa = PBXGroup;
			children = (
				1FED34AA2F49A79F005062F8 /* Unsplash Gallery */,
				1F725DB02F49A703007DF68D /* Products */,
			);
			sourceTree = "<group>";
		};
		1F725DB02F49A703007DF68D /* Products */ = {
			isa = PBXGroup;
			children = (
				1F725DAF2F49A703007DF68D /* Unsplash Gallery.app */,
			);
			name = Products;
			sourceTree = "<group>";
		};
		1FED34A22F49A79F005062F8 /* UI */ = {
			isa = PBXGroup;
			children = (
				1F5386C12F4B2B7400A1D08F /* UIViewContrller + Extension.swift */,
				1FED34B12F49A7AE005062F8 /* MainScreen.swift */,
				1FED34B52F49A7C6005062F8 /* DetailsScreen.swift */,
				1FED34B32F49A7B9005062F8 /* FavoriteScreen.swift */,
				1FED34B72F49A7CD005062F8 /* TabBar.swift */,
			);
			path = UI;
			sourceTree = "<group>";
		};
		1FED34AA2F49A79F005062F8 /* Unsplash Gallery */ = {
			isa = PBXGroup;
			children = (
				1FED34BA2F49A88B005062F8 /* FeedCollection */,
				1FED34B92F49A7DC005062F8 /* Network */,
				1FED34A22F49A79F005062F8 /* UI */,
				1FED34A32F49A79F005062F8 /* AppDelegate.swift */,
				1FED35C82F49B110005062F8 /* Main.storyboard */,
				1FED34A42F49A79F005062F8 /* Assets.xcassets */,
				1FED34A52F49A79F005062F8 /* Info.plist */,
				1FED34A72F49A79F005062F8 /* LaunchScreen.storyboard */,
				1FED34A82F49A79F005062F8 /* SceneDelegate.swift */,
				1FED34A92F49A79F005062F8 /* ViewController.swift */,
			);
			path = "Unsplash Gallery";
			sourceTree = "<group>";
		};
		1FED34B92F49A7DC005062F8 /* Network */ = {
			isa = PBXGroup;
			children = (
			);
			path = Network;
			sourceTree = "<group>";
		};
		1FED34BA2F49A88B005062F8 /* FeedCollection */ = {
			isa = PBXGroup;
			children = (
				1FED34BB2F49A8A0005062F8 /* FeedCollection.swift */,
				1FD924542F4A052E006A7A6A /* WatefallLayout.swift */,
				1FED34BF2F49A8B1005062F8 /* FeedCell.swift */,
			);
			path = FeedCollection;
			sourceTree = "<group>";
		};
/* End PBXGroup section */

/* Begin PBXNativeTarget section */
		1F725DAE2F49A703007DF68D /* Unsplash Gallery */ = {
			isa = PBXNativeTarget;
			buildConfigurationList = 1F725DC22F49A704007DF68D /* Build configuration list for PBXNativeTarget "Unsplash Gallery" */;
			buildPhases = (
				1F725DAB2F49A703007DF68D /* Sources */,
				1F725DAC2F49A703007DF68D /* Frameworks */,
				1F725DAD2F49A703007DF68D /* Resources */,
			);
			buildRules = (
			);
			dependencies = (
			);
			name = "Unsplash Gallery";
			packageProductDependencies = (
			);
			productName = "Unsplash Gallery";
			productReference = 1F725DAF2F49A703007DF68D /* Unsplash Gallery.app */;
			productType = "com.apple.product-type.application";
		};
/* End PBXNativeTarget section */

/* Begin PBXProject section */
		1F725DA72F49A703007DF68D /* Project object */ = {
			isa = PBXProject;
			attributes = {
				BuildIndependentTargetsInParallel = 1;
				LastSwiftUpdateCheck = 2620;
				LastUpgradeCheck = 2620;
				TargetAttributes = {
					1F725DAE2F49A703007DF68D = {
						CreatedOnToolsVersion = 26.2;
					};
				};
			};
			buildConfigurationList = 1F725DAA2F49A703007DF68D /* Build configuration list for PBXProject "Unsplash Gallery" */;
			developmentRegion = en;
			hasScannedForEncodings = 0;
			knownRegions = (
				en,
				Base,
			);
			mainGroup = 1F725DA62F49A703007DF68D;
			minimizedProjectReferenceProxies = 1;
			preferredProjectObjectVersion = 77;
			productRefGroup = 1F725DB02F49A703007DF68D /* Products */;
			projectDirPath = "";
			projectRoot = "";
			targets = (
				1F725DAE2F49A703007DF68D /* Unsplash Gallery */,
			);
		};
/* End PBXProject section */

/* Begin PBXResourcesBuildPhase section */
		1F725DAD2F49A703007DF68D /* Resources */ = {
			isa = PBXResourcesBuildPhase;
			buildActionMask = 2147483647;
			files = (
				1FED35C92F49B110005062F8 /* Main.storyboard in Resources */,
				1FED34AB2F49A79F005062F8 /* Assets.xcassets in Resources */,
				1FED34AD2F49A79F005062F8 /* LaunchScreen.storyboard in Resources */,
			);
			runOnlyForDeploymentPostprocessing = 0;
		};
/* End PBXResourcesBuildPhase section */

/* Begin PBXSourcesBuildPhase section */
		1F725DAB2F49A703007DF68D /* Sources */ = {
			isa = PBXSourcesBuildPhase;
			buildActionMask = 2147483647;
			files = (
				1F5386C22F4B2B8A00A1D08F /* UIViewContrller + Extension.swift in Sources */,
				1FD924552F4A052E006A7A6A /* WatefallLayout.swift in Sources */,
				1FED34C02F49A8B1005062F8 /* FeedCell.swift in Sources */,
				1FED34B22F49A7AE005062F8 /* MainScreen.swift in Sources */,
				1FED34AE2F49A79F005062F8 /* AppDelegate.swift in Sources */,
				1FED34AF2F49A79F005062F8 /* SceneDelegate.swift in Sources */,
				1FED34B02F49A79F005062F8 /* ViewController.swift in Sources */,
				1FED34B42F49A7B9005062F8 /* FavoriteScreen.swift in Sources */,
				1FED34B62F49A7C6005062F8 /* DetailsScreen.swift in Sources */,
				1FED34B82F49A7CD005062F8 /* TabBar.swift in Sources */,
				1FED34BC2F49A8A0005062F8 /* FeedCollection.swift in Sources */,
			);
			runOnlyForDeploymentPostprocessing = 0;
		};
/* End PBXSourcesBuildPhase section */

/* Begin PBXVariantGroup section */
		1FED34A72F49A79F005062F8 /* LaunchScreen.storyboard */ = {
			isa = PBXVariantGroup;
			children = (
				1FED34A62F49A79F005062F8 /* Base */,
			);
			name = LaunchScreen.storyboard;
			sourceTree = "<group>";
		};
/* End PBXVariantGroup section */

/* Begin XCBuildConfiguration section */
		1F725DC32F49A704007DF68D /* Debug */ = {
			isa = XCBuildConfiguration;
			buildSettings = {
				ASSETCATALOG_COMPILER_APPICON_NAME = AppIcon;
				ASSETCATALOG_COMPILER_GLOBAL_ACCENT_COLOR_NAME = AccentColor;
				CODE_SIGN_STYLE = Automatic;
				CURRENT_PROJECT_VERSION = 1;
				DEVELOPMENT_TEAM = Z8827K2MDU;
				GENERATE_INFOPLIST_FILE = YES;
				INFOPLIST_FILE = "Unsplash Gallery/Info.plist";
				INFOPLIST_KEY_UIApplicationSupportsIndirectInputEvents = YES;
				INFOPLIST_KEY_UILaunchStoryboardName = LaunchScreen;
				INFOPLIST_KEY_UIMainStoryboardFile = Main;
				INFOPLIST_KEY_UIStatusBarStyle = "";
				INFOPLIST_KEY_UISupportedInterfaceOrientations = UIInterfaceOrientationPortrait;
				INFOPLIST_KEY_UISupportedInterfaceOrientations_iPad = "UIInterfaceOrientationLandscapeLeft UIInterfaceOrientationLandscapeRight UIInterfaceOrientationPortrait UIInterfaceOrientationPortraitUpsideDown";
				IPHONEOS_DEPLOYMENT_TARGET = 17;
				LD_RUNPATH_SEARCH_PATHS = (
					"$(inherited)",
					"@executable_path/Frameworks",
				);
				MARKETING_VERSION = 1.0;
				PRODUCT_BUNDLE_IDENTIFIER = "rogachevich.ignat.Unsplash-Gallery";
				PRODUCT_NAME = "$(TARGET_NAME)";
				STRING_CATALOG_GENERATE_SYMBOLS = YES;
				SUPPORTED_PLATFORMS = "iphoneos iphonesimulator";
				SUPPORTS_MACCATALYST = NO;
				SUPPORTS_MAC_DESIGNED_FOR_IPHONE_IPAD = NO;
				SUPPORTS_XR_DESIGNED_FOR_IPHONE_IPAD = NO;
				SWIFT_APPROACHABLE_CONCURRENCY = YES;
				SWIFT_DEFAULT_ACTOR_ISOLATION = MainActor;
				SWIFT_EMIT_LOC_STRINGS = YES;
				SWIFT_UPCOMING_FEATURE_MEMBER_IMPORT_VISIBILITY = YES;
				SWIFT_VERSION = 5.0;
				TARGETED_DEVICE_FAMILY = 1;
			};
			name = Debug;
		};
		1F725DC42F49A704007DF68D /* Release */ = {
			isa = XCBuildConfiguration;
			buildSettings = {
				ASSETCATALOG_COMPILER_APPICON_NAME = AppIcon;
				ASSETCATALOG_COMPILER_GLOBAL_ACCENT_COLOR_NAME = AccentColor;
				CODE_SIGN_STYLE = Automatic;
				CURRENT_PROJECT_VERSION = 1;
				DEVELOPMENT_TEAM = Z8827K2MDU;
				GENERATE_INFOPLIST_FILE = YES;
				INFOPLIST_FILE = "Unsplash Gallery/Info.plist";
				INFOPLIST_KEY_UIApplicationSupportsIndirectInputEvents = YES;
				INFOPLIST_KEY_UILaunchStoryboardName = LaunchScreen;
				INFOPLIST_KEY_UIMainStoryboardFile = Main;
				INFOPLIST_KEY_UIStatusBarStyle = "";
				INFOPLIST_KEY_UISupportedInterfaceOrientations = UIInterfaceOrientationPortrait;
				INFOPLIST_KEY_UISupportedInterfaceOrientations_iPad = "UIInterfaceOrientationLandscapeLeft UIInterfaceOrientationLandscapeRight UIInterfaceOrientationPortrait UIInterfaceOrientationPortraitUpsideDown";
				IPHONEOS_DEPLOYMENT_TARGET = 17;
				LD_RUNPATH_SEARCH_PATHS = (
					"$(inherited)",
					"@executable_path/Frameworks",
				);
				MARKETING_VERSION = 1.0;
				PRODUCT_BUNDLE_IDENTIFIER = "rogachevich.ignat.Unsplash-Gallery";
				PRODUCT_NAME = "$(TARGET_NAME)";
				STRING_CATALOG_GENERATE_SYMBOLS = YES;
				SUPPORTED_PLATFORMS = "iphoneos iphonesimulator";
				SUPPORTS_MACCATALYST = NO;
				SUPPORTS_MAC_DESIGNED_FOR_IPHONE_IPAD = NO;
				SUPPORTS_XR_DESIGNED_FOR_IPHONE_IPAD = NO;
				SWIFT_APPROACHABLE_CONCURRENCY = YES;
				SWIFT_DEFAULT_ACTOR_ISOLATION = MainActor;
				SWIFT_EMIT_LOC_STRINGS = YES;
				SWIFT_UPCOMING_FEATURE_MEMBER_IMPORT_VISIBILITY = YES;
				SWIFT_VERSION = 5.0;
				TARGETED_DEVICE_FAMILY = 1;
			};
			name = Release;
		};
		1F725DC52F49A704007DF68D /* Debug */ = {
			isa = XCBuildConfiguration;
			buildSettings = {
				ALWAYS_SEARCH_USER_PATHS = NO;
				ASSETCATALOG_COMPILER_GENERATE_SWIFT_ASSET_SYMBOL_EXTENSIONS = YES;
				CLANG_ANALYZER_NONNULL = YES;
				CLANG_ANALYZER_NUMBER_OBJECT_CONVERSION = YES_AGGRESSIVE;
				CLANG_CXX_LANGUAGE_STANDARD = "gnu++20";
				CLANG_ENABLE_MODULES = YES;
				CLANG_ENABLE_OBJC_ARC = YES;
				CLANG_ENABLE_OBJC_WEAK = YES;
				CLANG_WARN_BLOCK_CAPTURE_AUTORELEASING = YES;
				CLANG_WARN_BOOL_CONVERSION = YES;
				CLANG_WARN_COMMA = YES;
				CLANG_WARN_CONSTANT_CONVERSION = YES;
				CLANG_WARN_DEPRECATED_OBJC_IMPLEMENTATIONS = YES;
				CLANG_WARN_DIRECT_OBJC_ISA_USAGE = YES_ERROR;
				CLANG_WARN_DOCUMENTATION_COMMENTS = YES;
				CLANG_WARN_EMPTY_BODY = YES;
				CLANG_WARN_ENUM_CONVERSION = YES;
				CLANG_WARN_INFINITE_RECURSION = YES;
				CLANG_WARN_INT_CONVERSION = YES;
				CLANG_WARN_NON_LITERAL_NULL_CONVERSION = YES;
				CLANG_WARN_OBJC_IMPLICIT_RETAIN_SELF = YES;
				CLANG_WARN_OBJC_LITERAL_CONVERSION = YES;
				CLANG_WARN_OBJC_ROOT_CLASS = YES_ERROR;
				CLANG_WARN_QUOTED_INCLUDE_IN_FRAMEWORK_HEADER = YES;
				CLANG_WARN_RANGE_LOOP_ANALYSIS = YES;
				CLANG_WARN_STRICT_PROTOTYPES = YES;
				CLANG_WARN_SUSPICIOUS_MOVE = YES;
				CLANG_WARN_UNGUARDED_AVAILABILITY = YES_AGGRESSIVE;
				CLANG_WARN_UNREACHABLE_CODE = YES;
				CLANG_WARN__DUPLICATE_METHOD_MATCH = YES;
				COPY_PHASE_STRIP = NO;
				DEBUG_INFORMATION_FORMAT = dwarf;
				DEVELOPMENT_TEAM = Z8827K2MDU;
				ENABLE_STRICT_OBJC_MSGSEND = YES;
				ENABLE_TESTABILITY = YES;
				ENABLE_USER_SCRIPT_SANDBOXING = YES;
				GCC_C_LANGUAGE_STANDARD = gnu17;
				GCC_DYNAMIC_NO_PIC = NO;
				GCC_NO_COMMON_BLOCKS = YES;
				GCC_OPTIMIZATION_LEVEL = 0;
				GCC_PREPROCESSOR_DEFINITIONS = (
					"DEBUG=1",
					"$(inherited)",
				);
				GCC_WARN_64_TO_32_BIT_CONVERSION = YES;
				GCC_WARN_ABOUT_RETURN_TYPE = YES_ERROR;
				GCC_WARN_UNDECLARED_SELECTOR = YES;
				GCC_WARN_UNINITIALIZED_AUTOS = YES_AGGRESSIVE;
				GCC_WARN_UNUSED_FUNCTION = YES;
				GCC_WARN_UNUSED_VARIABLE = YES;
				IPHONEOS_DEPLOYMENT_TARGET = 26.2;
				LOCALIZATION_PREFERS_STRING_CATALOGS = YES;
				MTL_ENABLE_DEBUG_INFO = INCLUDE_SOURCE;
				MTL_FAST_MATH = YES;
				ONLY_ACTIVE_ARCH = YES;
				SDKROOT = iphoneos;
				SWIFT_ACTIVE_COMPILATION_CONDITIONS = "DEBUG $(inherited)";
				SWIFT_OPTIMIZATION_LEVEL = "-Onone";
			};
			name = Debug;
		};
		1F725DC62F49A704007DF68D /* Release */ = {
			isa = XCBuildConfiguration;
			buildSettings = {
				ALWAYS_SEARCH_USER_PATHS = NO;
				ASSETCATALOG_COMPILER_GENERATE_SWIFT_ASSET_SYMBOL_EXTENSIONS = YES;
				CLANG_ANALYZER_NONNULL = YES;
				CLANG_ANALYZER_NUMBER_OBJECT_CONVERSION = YES_AGGRESSIVE;
				CLANG_CXX_LANGUAGE_STANDARD = "gnu++20";
				CLANG_ENABLE_MODULES = YES;
				CLANG_ENABLE_OBJC_ARC = YES;
				CLANG_ENABLE_OBJC_WEAK = YES;
				CLANG_WARN_BLOCK_CAPTURE_AUTORELEASING = YES;
				CLANG_WARN_BOOL_CONVERSION = YES;
				CLANG_WARN_COMMA = YES;
				CLANG_WARN_CONSTANT_CONVERSION = YES;
				CLANG_WARN_DEPRECATED_OBJC_IMPLEMENTATIONS = YES;
				CLANG_WARN_DIRECT_OBJC_ISA_USAGE = YES_ERROR;
				CLANG_WARN_DOCUMENTATION_COMMENTS = YES;
				CLANG_WARN_EMPTY_BODY = YES;
				CLANG_WARN_ENUM_CONVERSION = YES;
				CLANG_WARN_INFINITE_RECURSION = YES;
				CLANG_WARN_INT_CONVERSION = YES;
				CLANG_WARN_NON_LITERAL_NULL_CONVERSION = YES;
				CLANG_WARN_OBJC_IMPLICIT_RETAIN_SELF = YES;
				CLANG_WARN_OBJC_LITERAL_CONVERSION = YES;
				CLANG_WARN_OBJC_ROOT_CLASS = YES_ERROR;
				CLANG_WARN_QUOTED_INCLUDE_IN_FRAMEWORK_HEADER = YES;
				CLANG_WARN_RANGE_LOOP_ANALYSIS = YES;
				CLANG_WARN_STRICT_PROTOTYPES = YES;
				CLANG_WARN_SUSPICIOUS_MOVE = YES;
				CLANG_WARN_UNGUARDED_AVAILABILITY = YES_AGGRESSIVE;
				CLANG_WARN_UNREACHABLE_CODE = YES;
				CLANG_WARN__DUPLICATE_METHOD_MATCH = YES;
				COPY_PHASE_STRIP = NO;
				DEBUG_INFORMATION_FORMAT = "dwarf-with-dsym";
				DEVELOPMENT_TEAM = Z8827K2MDU;
				ENABLE_NS_ASSERTIONS = NO;
				ENABLE_STRICT_OBJC_MSGSEND = YES;
				ENABLE_USER_SCRIPT_SANDBOXING = YES;
				GCC_C_LANGUAGE_STANDARD = gnu17;
				GCC_NO_COMMON_BLOCKS = YES;
				GCC_WARN_64_TO_32_BIT_CONVERSION = YES;
				GCC_WARN_ABOUT_RETURN_TYPE = YES_ERROR;
				GCC_WARN_UNDECLARED_SELECTOR = YES;
				GCC_WARN_UNINITIALIZED_AUTOS = YES_AGGRESSIVE;
				GCC_WARN_UNUSED_FUNCTION = YES;
				GCC_WARN_UNUSED_VARIABLE = YES;
				IPHONEOS_DEPLOYMENT_TARGET = 26.2;
				LOCALIZATION_PREFERS_STRING_CATALOGS = YES;
				MTL_ENABLE_DEBUG_INFO = NO;
				MTL_FAST_MATH = YES;
				SDKROOT = iphoneos;
				SWIFT_COMPILATION_MODE = wholemodule;
				VALIDATE_PRODUCT = YES;
			};
			name = Release;
		};
/* End XCBuildConfiguration section */

/* Begin XCConfigurationList section */
		1F725DAA2F49A703007DF68D /* Build configuration list for PBXProject "Unsplash Gallery" */ = {
			isa = XCConfigurationList;
			buildConfigurations = (
				1F725DC52F49A704007DF68D /* Debug */,
				1F725DC62F49A704007DF68D /* Release */,
			);
			defaultConfigurationIsVisible = 0;
			defaultConfigurationName = Release;
		};
		1F725DC22F49A704007DF68D /* Build configuration list for PBXNativeTarget "Unsplash Gallery" */ = {
			isa = XCConfigurationList;
			buildConfigurations = (
				1F725DC32F49A704007DF68D /* Debug */,
				1F725DC42F49A704007DF68D /* Release */,
			);
			defaultConfigurationIsVisible = 0;
			defaultConfigurationName = Release;
		};
/* End XCConfigurationList section */
	};
	rootObject = 1F725DA72F49A703007DF68D /* Project object */;
}
