// !$*UTF8*$!
{
	archiveVersion = 1;
	classes = {
	};
	objectVersion = 77;
	objects = {

/* Begin PBXBuildFile section */
		1F5386C22F4B2B8A00A1D08F /* UIViewContrller + Extension.swift in Sources */ = {isa = PBXBuildFile; fileRef = 1F5386C12F4B2B7400A1D08F /* UIViewContrller + Extension.swift */; };
		1F738D712F4EEC650003BC35 /* PhotoResult.swift in Sources */ = {isa = PBXBuildFile; fileRef = 1F738D702F4EEC650003BC35 /* PhotoResult.swift */; };
		1F738D742F4EED8F0003BC35 /* Kingfisher in Frameworks */ = {isa = PBXBuildFile; productRef = 1F738D732F4EED8F0003BC35 /* Kingfisher */; };
		1F738D772F4EEDDA0003BC35 /* ProgressHUD in Frameworks */ = {isa = PBXBuildFile; productRef = 1F738D762F4EEDDA0003BC35 /* ProgressHUD */; };
		1F738D7A2F4EEEA90003BC35 /* SwiftKeychainWrapper in Frameworks */ = {isa = PBXBuildFile; productRef = 1F738D792F4EEEA90003BC35 /* SwiftKeychainWrapper */; };
		1F738D7E2F4EF0CA0003BC35 /* Constants.swift in Sources */ = {isa = PBXBuildFile; fileRef = 1F738D7D2F4EF0CA0003BC35 /* Constants.swift */; };
		1F738D812F4EF34F0003BC35 /* AuthConfiguration.swift in Sources */ = {isa = PBXBuildFile; fileRef = 1F738D802F4EF34F0003BC35 /* AuthConfiguration.swift */; };
		1F738D852F4EF3680003BC35 /* OAuth2TokenStorage.swift in Sources */ = {isa = PBXBuildFile; fileRef = 1F738D842F4EF3680003BC35 /* OAuth2TokenStorage.swift */; };
		1F738DCF2F4EF4DA0003BC35 /* WebViewViewController.swift in Sources */ = {isa = PBXBuildFile; fileRef = 1F738DCE2F4EF4DA0003BC35 /* WebViewViewController.swift */; };
		1F738DD12F4EF4DD0003BC35 /* WebViewPresenter.swift in Sources */ = {isa = PBXBuildFile; fileRef = 1F738DD02F4EF4DD0003BC35 /* WebViewPresenter.swift */; };
		1F738DD32F4EF4EB0003BC35 /* AuthHelper.swift in Sources */ = {isa = PBXBuildFile; fileRef = 1F738DD22F4EF4EB0003BC35 /* AuthHelper.swift */; };
		1F738DD52F4EF5260003BC35 /* UIBlockingProgressHUD.swift in Sources */ = {isa = PBXBuildFile; fileRef = 1F738DD42F4EF5260003BC35 /* UIBlockingProgressHUD.swift */; };
		1F738DD72F4EF59A0003BC35 /* AuthViewController.swift in Sources */ = {isa = PBXBuildFile; fileRef = 1F738DD62F4EF59A0003BC35 /* AuthViewController.swift */; };
		1F738DD92F4EF59C0003BC35 /* SplashScreenViewController.swift in Sources */ = {isa = PBXBuildFile; fileRef = 1F738DD82F4EF59C0003BC35 /* SplashScreenViewController.swift */; };
		1F738DDB2F4EF6CA0003BC35 /* OAuth2Service.swift in Sources */ = {isa = PBXBuildFile; fileRef = 1F738DDA2F4EF6CA0003BC35 /* OAuth2Service.swift */; };
		1F738DDD2F4EF6D50003BC35 /* HTTPMethod.swift in Sources */ = {isa = PBXBuildFile; fileRef = 1F738DDC2F4EF6D50003BC35 /* HTTPMethod.swift */; };
		1F738DDF2F4EF7850003BC35 /* URLSession+data.swift in Sources */ = {isa = PBXBuildFile; fileRef = 1F738DDE2F4EF7850003BC35 /* URLSession+data.swift */; };
		1F738E2D2F4F0D050003BC35 /* ImageListService.swift in Sources */ = {isa = PBXBuildFile; fileRef = 1F738E2C2F4F0D050003BC35 /* ImageListService.swift */; };
		1F913E262F501F8400C04C25 /* ProfileService.swift in Sources */ = {isa = PBXBuildFile; fileRef = 1F913E252F501F8400C04C25 /* ProfileService.swift */; };
		1F913E2C2F50700400C04C25 /* DateFormatter + Extensions.swift in Sources */ = {isa = PBXBuildFile; fileRef = 1F913E2B2F50700400C04C25 /* DateFormatter + Extensions.swift */; };
		1FBFA1F42F52E09000616A3C /* Keys.plist in Resources */ = {isa = PBXBuildFile; fileRef = 1FBFA1F32F52E09000616A3C /* Keys.plist */; };
		1FBFA1F72F52E25500616A3C /* DetailsViewModel.swift in Sources */ = {isa = PBXBuildFile; fileRef = 1FBFA1F62F52E25500616A3C /* DetailsViewModel.swift */; };
		1FBFA1FA2F52E80B00616A3C /* ImageListViewModel.swift in Sources */ = {isa = PBXBuildFile; fileRef = 1FBFA1F92F52E80B00616A3C /* ImageListViewModel.swift */; };
		1FBFA1FE2F52ECEB00616A3C /* FeedViewModel.swift in Sources */ = {isa = PBXBuildFile; fileRef = 1FBFA1FD2F52ECEB00616A3C /* FeedViewModel.swift */; };
		1FBFA2082F52F77800616A3C /* FavouritesModel.xcdatamodeld in Sources */ = {isa = PBXBuildFile; fileRef = 1FBFA2062F52F77800616A3C /* FavouritesModel.xcdatamodeld */; };
		1FBFA20A2F52F79500616A3C /* StorageManager.swift in Sources */ = {isa = PBXBuildFile; fileRef = 1FBFA2092F52F79500616A3C /* StorageManager.swift */; };
		1FD924552F4A052E006A7A6A /* WatefallLayout.swift in Sources */ = {isa = PBXBuildFile; fileRef = 1FD924542F4A052E006A7A6A /* WatefallLayout.swift */; };
		1FED34AB2F49A79F005062F8 /* Assets.xcassets in Resources */ = {isa = PBXBuildFile; fileRef = 1FED34A42F49A79F005062F8 /* Assets.xcassets */; };
		1FED34AD2F49A79F005062F8 /* LaunchScreen.storyboard in Resources */ = {isa = PBXBuildFile; fileRef = 1FED34A72F49A79F005062F8 /* LaunchScreen.storyboard */; };
		1FED34AE2F49A79F005062F8 /* AppDelegate.swift in Sources */ = {isa = PBXBuildFile; fileRef = 1FED34A32F49A79F005062F8 /* AppDelegate.swift */; };
		1FED34AF2F49A79F005062F8 /* SceneDelegate.swift in Sources */ = {isa = PBXBuildFile; fileRef = 1FED34A82F49A79F005062F8 /* SceneDelegate.swift */; };
		1FED34B02F49A79F005062F8 /* ViewController.swift in Sources */ = {isa = PBXBuildFile; fileRef = 1FED34A92F49A79F005062F8 /* ViewController.swift */; };
		1FED34B22F49A7AE005062F8 /* MainScreen.swift in Sources */ = {isa = PBXBuildFile; fileRef = 1FED34B12F49A7AE005062F8 /* MainScreen.swift */; };
		1FED34B42F49A7B9005062F8 /* FavoriteScreen.swift in Sources */ = {isa = PBXBuildFile; fileRef = 1FED34B32F49A7B9005062F8 /* FavoriteScreen.swift */; };
		1FED34B62F49A7C6005062F8 /* DetailsScreen.swift in Sources */ = {isa = PBXBuildFile; fileRef = 1FED34B52F49A7C6005062F8 /* DetailsScreen.swift */; };
		1FED34B82F49A7CD005062F8 /* TabBar.swift in Sources */ = {isa = PBXBuildFile; fileRef = 1FED34B72F49A7CD005062F8 /* TabBar.swift */; };
		1FED34BC2F49A8A0005062F8 /* FeedCollection.swift in Sources */ = {isa = PBXBuildFile; fileRef = 1FED34BB2F49A8A0005062F8 /* FeedCollection.swift */; };
		1FED34C02F49A8B1005062F8 /* FeedCell.swift in Sources */ = {isa = PBXBuildFile; fileRef = 1FED34BF2F49A8B1005062F8 /* FeedCell.swift */; };
		1FED35C92F49B110005062F8 /* Main.storyboard in Resources */ = {isa = PBXBuildFile; fileRef = 1FED35C82F49B110005062F8 /* Main.storyboard */; };
/* End PBXBuildFile section */

/* Begin PBXFileReference section */
		1F5386C12F4B2B7400A1D08F /* UIViewContrller + Extension.swift */ = {isa = PBXFileReference; lastKnownFileType = sourcecode.swift; path = "UIViewContrller + Extension.swift"; sourceTree = "<group>"; };
		1F725DAF2F49A703007DF68D /* Unsplash Gallery.app */ = {isa = PBXFileReference; explicitFileType = wrapper.application; includeInIndex = 0; path = "Unsplash Gallery.app"; sourceTree = BUILT_PRODUCTS_DIR; };
		1F738D702F4EEC650003BC35 /* PhotoResult.swift */ = {isa = PBXFileReference; lastKnownFileType = sourcecode.swift; path = PhotoResult.swift; sourceTree = "<group>"; };
		1F738D7D2F4EF0CA0003BC35 /* Constants.swift */ = {isa = PBXFileReference; lastKnownFileType = sourcecode.swift; path = Constants.swift; sourceTree = "<group>"; };
		1F738D802F4EF34F0003BC35 /* AuthConfiguration.swift */ = {isa = PBXFileReference; lastKnownFileType = sourcecode.swift; path = AuthConfiguration.swift; sourceTree = "<group>"; };
		1F738D842F4EF3680003BC35 /* OAuth2TokenStorage.swift */ = {isa = PBXFileReference; lastKnownFileType = sourcecode.swift; path = OAuth2TokenStorage.swift; sourceTree = "<group>"; };
		1F738DCE2F4EF4DA0003BC35 /* WebViewViewController.swift */ = {isa = PBXFileReference; lastKnownFileType = sourcecode.swift; path = WebViewViewController.swift; sourceTree = "<group>"; };
		1F738DD02F4EF4DD0003BC35 /* WebViewPresenter.swift */ = {isa = PBXFileReference; lastKnownFileType = sourcecode.swift; path = WebViewPresenter.swift; sourceTree = "<group>"; };
		1F738DD22F4EF4EB0003BC35 /* AuthHelper.swift */ = {isa = PBXFileReference; lastKnownFileType = sourcecode.swift; path = AuthHelper.swift; sourceTree = "<group>"; };
		1F738DD42F4EF5260003BC35 /* UIBlockingProgressHUD.swift */ = {isa = PBXFileReference; lastKnownFileType = sourcecode.swift; path = UIBlockingProgressHUD.swift; sourceTree = "<group>"; };
		1F738DD62F4EF59A0003BC35 /* AuthViewController.swift */ = {isa = PBXFileReference; lastKnownFileType = sourcecode.swift; path = AuthViewController.swift; sourceTree = "<group>"; };
		1F738DD82F4EF59C0003BC35 /* SplashScreenViewController.swift */ = {isa = PBXFileReference; lastKnownFileType = sourcecode.swift; path = SplashScreenViewController.swift; sourceTree = "<group>"; };
		1F738DDA2F4EF6CA0003BC35 /* OAuth2Service.swift */ = {isa = PBXFileReference; lastKnownFileType = sourcecode.swift; path = OAuth2Service.swift; sourceTree = "<group>"; };
		1F738DDC2F4EF6D50003BC35 /* HTTPMethod.swift */ = {isa = PBXFileReference; lastKnownFileType = sourcecode.swift; path = HTTPMethod.swift; sourceTree = "<group>"; };
		1F738DDE2F4EF7850003BC35 /* URLSession+data.swift */ = {isa = PBXFileReference; lastKnownFileType = sourcecode.swift; path = "URLSession+data.swift"; sourceTree = "<group>"; };
		1F738E2C2F4F0D050003BC35 /* ImageListService.swift */ = {isa = PBXFileReference; lastKnownFileType = sourcecode.swift; path = ImageListService.swift; sourceTree = "<group>"; };
		1F913E252F501F8400C04C25 /* ProfileService.swift */ = {isa = PBXFileReference; lastKnownFileType = sourcecode.swift; path = ProfileService.swift; sourceTree = "<group>"; };
		1F913E2B2F50700400C04C25 /* DateFormatter + Extensions.swift */ = {isa = PBXFileReference; lastKnownFileType = sourcecode.swift; path = "DateFormatter + Extensions.swift"; sourceTree = "<group>"; };
		1FBFA1F32F52E09000616A3C /* Keys.plist */ = {isa = PBXFileReference; lastKnownFileType = text.plist.xml; path = Keys.plist; sourceTree = "<group>"; };
		1FBFA1F62F52E25500616A3C /* DetailsViewModel.swift */ = {isa = PBXFileReference; lastKnownFileType = sourcecode.swift; path = DetailsViewModel.swift; sourceTree = "<group>"; };
		1FBFA1F92F52E80B00616A3C /* ImageListViewModel.swift */ = {isa = PBXFileReference; lastKnownFileType = sourcecode.swift; path = ImageListViewModel.swift; sourceTree = "<group>"; };
		1FBFA1FD2F52ECEB00616A3C /* FeedViewModel.swift */ = {isa = PBXFileReference; lastKnownFileType = sourcecode.swift; path = FeedViewModel.swift; sourceTree = "<group>"; };
		1FBFA2072F52F77800616A3C /* FavouritesModel.xcdatamodel */ = {isa = PBXFileReference; lastKnownFileType = wrapper.xcdatamodel; path = FavouritesModel.xcdatamodel; sourceTree = "<group>"; };
		1FBFA2092F52F79500616A3C /* StorageManager.swift */ = {isa = PBXFileReference; lastKnownFileType = sourcecode.swift; path = StorageManager.swift; sourceTree = "<group>"; };
		1FD924542F4A052E006A7A6A /* WatefallLayout.swift */ = {isa = PBXFileReference; lastKnownFileType = sourcecode.swift; path = WatefallLayout.swift; sourceTree = "<group>"; };
		1FED34A32F49A79F005062F8 /* AppDelegate.swift */ = {isa = PBXFileReference; lastKnownFileType = sourcecode.swift; path = AppDelegate.swift; sourceTree = "<group>"; };
		1FED34A42F49A79F005062F8 /* Assets.xcassets */ = {isa = PBXFileReference; lastKnownFileType = folder.assetcatalog; path = Assets.xcassets; sourceTree = "<group>"; };
		1FED34A52F49A79F005062F8 /* Info.plist */ = {isa = PBXFileReference; lastKnownFileType = text.plist.xml; path = Info.plist; sourceTree = "<group>"; };
		1FED34A62F49A79F005062F8 /* Base */ = {isa = PBXFileReference; lastKnownFileType = file.storyboard; name = Base; path = Base.lproj/LaunchScreen.storyboard; sourceTree = "<group>"; };
		1FED34A82F49A79F005062F8 /* SceneDelegate.swift */ = {isa = PBXFileReference; lastKnownFileType = sourcecode.swift; path = SceneDelegate.swift; sourceTree = "<group>"; };
		1FED34A92F49A79F005062F8 /* ViewController.swift */ = {isa = PBXFileReference; lastKnownFileType = sourcecode.swift; path = ViewController.swift; sourceTree = "<group>"; };
		1FED34B12F49A7AE005062F8 /* MainScreen.swift */ = {isa = PBXFileReference; lastKnownFileType = sourcecode.swift; path = MainScreen.swift; sourceTree = "<group>"; };
		1FED34B32F49A7B9005062F8 /* FavoriteScreen.swift */ = {isa = PBXFileReference; lastKnownFileType = sourcecode.swift; path = FavoriteScreen.swift; sourceTree = "<group>"; };
		1FED34B52F49A7C6005062F8 /* DetailsScreen.swift */ = {isa = PBXFileReference; lastKnownFileType = sourcecode.swift; path = DetailsScreen.swift; sourceTree = "<group>"; };
		1FED34B72F49A7CD005062F8 /* TabBar.swift */ = {isa = PBXFileReference; lastKnownFileType = sourcecode.swift; path = TabBar.swift; sourceTree = "<group>"; };
		1FED34BB2F49A8A0005062F8 /* FeedCollection.swift */ = {isa = PBXFileReference; lastKnownFileType = sourcecode.swift; path = FeedCollection.swift; sourceTree = "<group>"; };
		1FED34BF2F49A8B1005062F8 /* FeedCell.swift */ = {isa = PBXFileReference; lastKnownFileType = sourcecode.swift; path = FeedCell.swift; sourceTree = "<group>"; };
		1FED35C82F49B110005062F8 /* Main.storyboard */ = {isa = PBXFileReference; lastKnownFileType = file.storyboard; path = Main.storyboard; sourceTree = "<group>"; };
/* End PBXFileReference section */

/* Begin PBXFrameworksBuildPhase section */
		1F725DAC2F49A703007DF68D /* Frameworks */ = {
			isa = PBXFrameworksBuildPhase;
			buildActionMask = 2147483647;
			files = (
				1F738D742F4EED8F0003BC35 /* Kingfisher in Frameworks */,
				1F738D772F4EEDDA0003BC35 /* ProgressHUD in Frameworks */,
				1F738D7A2F4EEEA90003BC35 /* SwiftKeychainWrapper in Frameworks */,
			);
			runOnlyForDeploymentPostprocessing = 0;
		};
/* End PBXFrameworksBuildPhase section */

/* Begin PBXGroup section */
		1F725DA62F49A703007DF68D = {
			isa = PBXGroup;
			children = (
				1FBFA1F32F52E09000616A3C /* Keys.plist */,
				1FED34AA2F49A79F005062F8 /* Unsplash Gallery */,
				1F725DB02F49A703007DF68D /* Products */,
			);
			sourceTree = "<group>";
		};
		1F725DB02F49A703007DF68D /* Products */ = {
			isa = PBXGroup;
			children = (
				1F725DAF2F49A703007DF68D /* Unsplash Gallery.app */,
			);
			name = Products;
			sourceTree = "<group>";
		};
		1F738D6E2F4EEC400003BC35 /* Networking */ = {
			isa = PBXGroup;
			children = (
				1F738E282F4F07370003BC35 /* Services */,
				1F738D7D2F4EF0CA0003BC35 /* Constants.swift */,
				1F738DDC2F4EF6D50003BC35 /* HTTPMethod.swift */,
				1F738D6F2F4EEC580003BC35 /* Models */,
			);
			path = Networking;
			sourceTree = "<group>";
		};
		1F738D6F2F4EEC580003BC35 /* Models */ = {
			isa = PBXGroup;
			children = (
				1F738D702F4EEC650003BC35 /* PhotoResult.swift */,
			);
			path = Models;
			sourceTree = "<group>";
		};
		1F738D7F2F4EF3320003BC35 /* Auth */ = {
			isa = PBXGroup;
			children = (
				1F738E272F4EFD570003BC35 /* WebView */,
				1F738DCD2F4EF4C20003BC35 /* AuthScreen */,
				1F738DDE2F4EF7850003BC35 /* URLSession+data.swift */,
				1F738D802F4EF34F0003BC35 /* AuthConfiguration.swift */,
			);
			path = Auth;
			sourceTree = "<group>";
		};
		1F738DCD2F4EF4C20003BC35 /* AuthScreen */ = {
			isa = PBXGroup;
			children = (
				1F738DD22F4EF4EB0003BC35 /* AuthHelper.swift */,
			);
			path = AuthScreen;
			sourceTree = "<group>";
		};
		1F738E262F4EFD3B0003BC35 /* SplashScreen */ = {
			isa = PBXGroup;
			children = (
				1F738DD82F4EF59C0003BC35 /* SplashScreenViewController.swift */,
			);
			path = SplashScreen;
			sourceTree = "<group>";
		};
		1F738E272F4EFD570003BC35 /* WebView */ = {
			isa = PBXGroup;
			children = (
				1F738DCE2F4EF4DA0003BC35 /* WebViewViewController.swift */,
				1F738DD02F4EF4DD0003BC35 /* WebViewPresenter.swift */,
				1F738DD62F4EF59A0003BC35 /* AuthViewController.swift */,
			);
			path = WebView;
			sourceTree = "<group>";
		};
		1F738E282F4F07370003BC35 /* Services */ = {
			isa = PBXGroup;
			children = (
				1F738E292F4F07440003BC35 /* OAuth2 */,
				1F738E2C2F4F0D050003BC35 /* ImageListService.swift */,
				1F913E252F501F8400C04C25 /* ProfileService.swift */,
			);
			path = Services;
			sourceTree = "<group>";
		};
		1F738E292F4F07440003BC35 /* OAuth2 */ = {
			isa = PBXGroup;
			children = (
				1F738DDA2F4EF6CA0003BC35 /* OAuth2Service.swift */,
				1F738D842F4EF3680003BC35 /* OAuth2TokenStorage.swift */,
			);
			path = OAuth2;
			sourceTree = "<group>";
		};
		1F738E2A2F4F07770003BC35 /* Flows */ = {
			isa = PBXGroup;
			children = (
				1F738E2B2F4F07890003BC35 /* Splash */,
				1F738D7F2F4EF3320003BC35 /* Auth */,
			);
			path = Flows;
			sourceTree = "<group>";
		};
		1F738E2B2F4F07890003BC35 /* Splash */ = {
			isa = PBXGroup;
			children = (
				1F738E262F4EFD3B0003BC35 /* SplashScreen */,
			);
			path = Splash;
			sourceTree = "<group>";
		};
		1FBFA1F52F52E23900616A3C /* DetailsScreen */ = {
			isa = PBXGroup;
			children = (
				1FED34B52F49A7C6005062F8 /* DetailsScreen.swift */,
				1FBFA1F62F52E25500616A3C /* DetailsViewModel.swift */,
			);
			path = DetailsScreen;
			sourceTree = "<group>";
		};
		1FBFA1F82F52E7D500616A3C /* FeedScreen */ = {
			isa = PBXGroup;
			children = (
				1FED34B12F49A7AE005062F8 /* MainScreen.swift */,
				1FBFA1F92F52E80B00616A3C /* ImageListViewModel.swift */,
			);
			path = FeedScreen;
			sourceTree = "<group>";
		};
		1FBFA1FF2F52F0F000616A3C /* FavouriteScreen */ = {
			isa = PBXGroup;
			children = (
				1FED34B32F49A7B9005062F8 /* FavoriteScreen.swift */,
			);
			path = FavouriteScreen;
			sourceTree = "<group>";
		};
		1FBFA2032F52F74E00616A3C /* CoreData */ = {
			isa = PBXGroup;
			children = (
				1FBFA2062F52F77800616A3C /* FavouritesModel.xcdatamodeld */,
				1FBFA2092F52F79500616A3C /* StorageManager.swift */,
			);
			path = CoreData;
			sourceTree = "<group>";
		};
		1FED34A22F49A79F005062F8 /* UI */ = {
			isa = PBXGroup;
			children = (
				1FBFA1F82F52E7D500616A3C /* FeedScreen */,
				1F5386C12F4B2B7400A1D08F /* UIViewContrller + Extension.swift */,
				1FED34B72F49A7CD005062F8 /* TabBar.swift */,
				1F738DD42F4EF5260003BC35 /* UIBlockingProgressHUD.swift */,
				1FBFA1F52F52E23900616A3C /* DetailsScreen */,
				1FBFA1FF2F52F0F000616A3C /* FavouriteScreen */,
			);
			path = UI;
			sourceTree = "<group>";
		};
		1FED34AA2F49A79F005062F8 /* Unsplash Gallery */ = {
			isa = PBXGroup;
			children = (
				1FBFA2032F52F74E00616A3C /* CoreData */,
				1FED34BA2F49A88B005062F8 /* FeedCollection */,
				1FED34A22F49A79F005062F8 /* UI */,
				1FED34A32F49A79F005062F8 /* AppDelegate.swift */,
				1FED35C82F49B110005062F8 /* Main.storyboard */,
				1FED34A42F49A79F005062F8 /* Assets.xcassets */,
				1FED34A52F49A79F005062F8 /* Info.plist */,
				1FED34A72F49A79F005062F8 /* LaunchScreen.storyboard */,
				1FED34A82F49A79F005062F8 /* SceneDelegate.swift */,
				1FED34A92F49A79F005062F8 /* ViewController.swift */,
				1F738D6E2F4EEC400003BC35 /* Networking */,
				1F738E2A2F4F07770003BC35 /* Flows */,
				1F913E2B2F50700400C04C25 /* DateFormatter + Extensions.swift */,
			);
			path = "Unsplash Gallery";
			sourceTree = "<group>";
		};
		1FED34BA2F49A88B005062F8 /* FeedCollection */ = {
			isa = PBXGroup;
			children = (
				1FED34BB2F49A8A0005062F8 /* FeedCollection.swift */,
				1FD924542F4A052E006A7A6A /* WatefallLayout.swift */,
				1FED34BF2F49A8B1005062F8 /* FeedCell.swift */,
				1FBFA1FD2F52ECEB00616A3C /* FeedViewModel.swift */,
			);
			path = FeedCollection;
			sourceTree = "<group>";
		};
/* End PBXGroup section */

/* Begin PBXNativeTarget section */
		1F725DAE2F49A703007DF68D /* Unsplash Gallery */ = {
			isa = PBXNativeTarget;
			buildConfigurationList = 1F725DC22F49A704007DF68D /* Build configuration list for PBXNativeTarget "Unsplash Gallery" */;
			buildPhases = (
				1F725DAB2F49A703007DF68D /* Sources */,
				1F725DAC2F49A703007DF68D /* Frameworks */,
				1F725DAD2F49A703007DF68D /* Resources */,
			);
			buildRules = (
			);
			dependencies = (
			);
			name = "Unsplash Gallery";
			packageProductDependencies = (
				1F738D732F4EED8F0003BC35 /* Kingfisher */,
				1F738D762F4EEDDA0003BC35 /* ProgressHUD */,
				1F738D792F4EEEA90003BC35 /* SwiftKeychainWrapper */,
			);
			productName = "Unsplash Gallery";
			productReference = 1F725DAF2F49A703007DF68D /* Unsplash Gallery.app */;
			productType = "com.apple.product-type.application";
		};
/* End PBXNativeTarget section */

/* Begin PBXProject section */
		1F725DA72F49A703007DF68D /* Project object */ = {
			isa = PBXProject;
			attributes = {
				BuildIndependentTargetsInParallel = 1;
				LastSwiftUpdateCheck = 2620;
				LastUpgradeCheck = 2620;
				TargetAttributes = {
					1F725DAE2F49A703007DF68D = {
						CreatedOnToolsVersion = 26.2;
					};
				};
			};
			buildConfigurationList = 1F725DAA2F49A703007DF68D /* Build configuration list for PBXProject "Unsplash Gallery" */;
			developmentRegion = en;
			hasScannedForEncodings = 0;
			knownRegions = (
				en,
				Base,
			);
			mainGroup = 1F725DA62F49A703007DF68D;
			minimizedProjectReferenceProxies = 1;
			packageReferences = (
				1F738D722F4EED8E0003BC35 /* XCRemoteSwiftPackageReference "Kingfisher" */,
				1F738D752F4EEDDA0003BC35 /* XCRemoteSwiftPackageReference "ProgressHUD" */,
				1F738D782F4EEEA90003BC35 /* XCRemoteSwiftPackageReference "SwiftKeychainWrapper" */,
			);
			preferredProjectObjectVersion = 77;
			productRefGroup = 1F725DB02F49A703007DF68D /* Products */;
			projectDirPath = "";
			projectRoot = "";
			targets = (
				1F725DAE2F49A703007DF68D /* Unsplash Gallery */,
			);
		};
/* End PBXProject section */

/* Begin PBXResourcesBuildPhase section */
		1F725DAD2F49A703007DF68D /* Resources */ = {
			isa = PBXResourcesBuildPhase;
			buildActionMask = 2147483647;
			files = (
				1FBFA1F42F52E09000616A3C /* Keys.plist in Resources */,
				1FED35C92F49B110005062F8 /* Main.storyboard in Resources */,
				1FED34AB2F49A79F005062F8 /* Assets.xcassets in Resources */,
				1FED34AD2F49A79F005062F8 /* LaunchScreen.storyboard in Resources */,
			);
			runOnlyForDeploymentPostprocessing = 0;
		};
/* End PBXResourcesBuildPhase section */

/* Begin PBXSourcesBuildPhase section */
		1F725DAB2F49A703007DF68D /* Sources */ = {
			isa = PBXSourcesBuildPhase;
			buildActionMask = 2147483647;
			files = (
				1F5386C22F4B2B8A00A1D08F /* UIViewContrller + Extension.swift in Sources */,
				1FD924552F4A052E006A7A6A /* WatefallLayout.swift in Sources */,
				1F738DD92F4EF59C0003BC35 /* SplashScreenViewController.swift in Sources */,
				1FED34C02F49A8B1005062F8 /* FeedCell.swift in Sources */,
				1F738DDB2F4EF6CA0003BC35 /* OAuth2Service.swift in Sources */,
				1F913E262F501F8400C04C25 /* ProfileService.swift in Sources */,
				1F738DCF2F4EF4DA0003BC35 /* WebViewViewController.swift in Sources */,
				1FED34B22F49A7AE005062F8 /* MainScreen.swift in Sources */,
				1F738D812F4EF34F0003BC35 /* AuthConfiguration.swift in Sources */,
				1FED34AE2F49A79F005062F8 /* AppDelegate.swift in Sources */,
				1FED34AF2F49A79F005062F8 /* SceneDelegate.swift in Sources */,
				1FBFA1F72F52E25500616A3C /* DetailsViewModel.swift in Sources */,
				1F738E2D2F4F0D050003BC35 /* ImageListService.swift in Sources */,
				1F738DD32F4EF4EB0003BC35 /* AuthHelper.swift in Sources */,
				1F738DD52F4EF5260003BC35 /* UIBlockingProgressHUD.swift in Sources */,
				1FED34B02F49A79F005062F8 /* ViewController.swift in Sources */,
				1F738DD12F4EF4DD0003BC35 /* WebViewPresenter.swift in Sources */,
				1F738DD72F4EF59A0003BC35 /* AuthViewController.swift in Sources */,
				1F738D7E2F4EF0CA0003BC35 /* Constants.swift in Sources */,
				1FED34B42F49A7B9005062F8 /* FavoriteScreen.swift in Sources */,
				1FBFA1FE2F52ECEB00616A3C /* FeedViewModel.swift in Sources */,
				1FBFA1FA2F52E80B00616A3C /* ImageListViewModel.swift in Sources */,
				1FED34B62F49A7C6005062F8 /* DetailsScreen.swift in Sources */,
				1F738D852F4EF3680003BC35 /* OAuth2TokenStorage.swift in Sources */,
				1F738D712F4EEC650003BC35 /* PhotoResult.swift in Sources */,
				1F738DDF2F4EF7850003BC35 /* URLSession+data.swift in Sources */,
				1FBFA2082F52F77800616A3C /* FavouritesModel.xcdatamodeld in Sources */,
				1F738DDD2F4EF6D50003BC35 /* HTTPMethod.swift in Sources */,
				1F913E2C2F50700400C04C25 /* DateFormatter + Extensions.swift in Sources */,
				1FED34B82F49A7CD005062F8 /* TabBar.swift in Sources */,
				1FED34BC2F49A8A0005062F8 /* FeedCollection.swift in Sources */,
				1FBFA20A2F52F79500616A3C /* StorageManager.swift in Sources */,
			);
			runOnlyForDeploymentPostprocessing = 0;
		};
/* End PBXSourcesBuildPhase section */

/* Begin PBXVariantGroup section */
		1FED34A72F49A79F005062F8 /* LaunchScreen.storyboard */ = {
			isa = PBXVariantGroup;
			children = (
				1FED34A62F49A79F005062F8 /* Base */,
			);
			name = LaunchScreen.storyboard;
			sourceTree = "<group>";
		};
/* End PBXVariantGroup section */

/* Begin XCBuildConfiguration section */
		1F725DC32F49A704007DF68D /* Debug */ = {
			isa = XCBuildConfiguration;
			buildSettings = {
				ASSETCATALOG_COMPILER_APPICON_NAME = AppIcon;
				ASSETCATALOG_COMPILER_GLOBAL_ACCENT_COLOR_NAME = AccentColor;
				CODE_SIGN_STYLE = Automatic;
				CURRENT_PROJECT_VERSION = 1;
				DEVELOPMENT_TEAM = Z8827K2MDU;
				GENERATE_INFOPLIST_FILE = YES;
				INFOPLIST_FILE = "Unsplash Gallery/Info.plist";
				INFOPLIST_KEY_UIApplicationSupportsIndirectInputEvents = YES;
				INFOPLIST_KEY_UILaunchStoryboardName = LaunchScreen;
				INFOPLIST_KEY_UIMainStoryboardFile = Main;
				INFOPLIST_KEY_UIStatusBarStyle = "";
				INFOPLIST_KEY_UISupportedInterfaceOrientations = UIInterfaceOrientationPortrait;
				INFOPLIST_KEY_UISupportedInterfaceOrientations_iPad = "UIInterfaceOrientationLandscapeLeft UIInterfaceOrientationLandscapeRight UIInterfaceOrientationPortrait UIInterfaceOrientationPortraitUpsideDown";
				IPHONEOS_DEPLOYMENT_TARGET = 17;
				LD_RUNPATH_SEARCH_PATHS = (
					"$(inherited)",
					"@executable_path/Frameworks",
				);
				MARKETING_VERSION = 1.0;
				PRODUCT_BUNDLE_IDENTIFIER = "rogachevich.ignat.Unsplash-Gallery";
				PRODUCT_NAME = "$(TARGET_NAME)";
				STRING_CATALOG_GENERATE_SYMBOLS = YES;
				SUPPORTED_PLATFORMS = "iphoneos iphonesimulator";
				SUPPORTS_MACCATALYST = NO;
				SUPPORTS_MAC_DESIGNED_FOR_IPHONE_IPAD = NO;
				SUPPORTS_XR_DESIGNED_FOR_IPHONE_IPAD = NO;
				SWIFT_APPROACHABLE_CONCURRENCY = YES;
				SWIFT_DEFAULT_ACTOR_ISOLATION = MainActor;
				SWIFT_EMIT_LOC_STRINGS = YES;
				SWIFT_UPCOMING_FEATURE_MEMBER_IMPORT_VISIBILITY = YES;
				SWIFT_VERSION = 5.0;
				TARGETED_DEVICE_FAMILY = 1;
			};
			name = Debug;
		};
		1F725DC42F49A704007DF68D /* Release */ = {
			isa = XCBuildConfiguration;
			buildSettings = {
				ASSETCATALOG_COMPILER_APPICON_NAME = AppIcon;
				ASSETCATALOG_COMPILER_GLOBAL_ACCENT_COLOR_NAME = AccentColor;
				CODE_SIGN_STYLE = Automatic;
				CURRENT_PROJECT_VERSION = 1;
				DEVELOPMENT_TEAM = Z8827K2MDU;
				GENERATE_INFOPLIST_FILE = YES;
				INFOPLIST_FILE = "Unsplash Gallery/Info.plist";
				INFOPLIST_KEY_UIApplicationSupportsIndirectInputEvents = YES;
				INFOPLIST_KEY_UILaunchStoryboardName = LaunchScreen;
				INFOPLIST_KEY_UIMainStoryboardFile = Main;
				INFOPLIST_KEY_UIStatusBarStyle = "";
				INFOPLIST_KEY_UISupportedInterfaceOrientations = UIInterfaceOrientationPortrait;
				INFOPLIST_KEY_UISupportedInterfaceOrientations_iPad = "UIInterfaceOrientationLandscapeLeft UIInterfaceOrientationLandscapeRight UIInterfaceOrientationPortrait UIInterfaceOrientationPortraitUpsideDown";
				IPHONEOS_DEPLOYMENT_TARGET = 17;
				LD_RUNPATH_SEARCH_PATHS = (
					"$(inherited)",
					"@executable_path/Frameworks",
				);
				MARKETING_VERSION = 1.0;
				PRODUCT_BUNDLE_IDENTIFIER = "rogachevich.ignat.Unsplash-Gallery";
				PRODUCT_NAME = "$(TARGET_NAME)";
				STRING_CATALOG_GENERATE_SYMBOLS = YES;
				SUPPORTED_PLATFORMS = "iphoneos iphonesimulator";
				SUPPORTS_MACCATALYST = NO;
				SUPPORTS_MAC_DESIGNED_FOR_IPHONE_IPAD = NO;
				SUPPORTS_XR_DESIGNED_FOR_IPHONE_IPAD = NO;
				SWIFT_APPROACHABLE_CONCURRENCY = YES;
				SWIFT_DEFAULT_ACTOR_ISOLATION = MainActor;
				SWIFT_EMIT_LOC_STRINGS = YES;
				SWIFT_UPCOMING_FEATURE_MEMBER_IMPORT_VISIBILITY = YES;
				SWIFT_VERSION = 5.0;
				TARGETED_DEVICE_FAMILY = 1;
			};
			name = Release;
		};
		1F725DC52F49A704007DF68D /* Debug */ = {
			isa = XCBuildConfiguration;
			buildSettings = {
				ALWAYS_SEARCH_USER_PATHS = NO;
				ASSETCATALOG_COMPILER_GENERATE_SWIFT_ASSET_SYMBOL_EXTENSIONS = YES;
				CLANG_ANALYZER_NONNULL = YES;
				CLANG_ANALYZER_NUMBER_OBJECT_CONVERSION = YES_AGGRESSIVE;
				CLANG_CXX_LANGUAGE_STANDARD = "gnu++20";
				CLANG_ENABLE_MODULES = YES;
				CLANG_ENABLE_OBJC_ARC = YES;
				CLANG_ENABLE_OBJC_WEAK = YES;
				CLANG_WARN_BLOCK_CAPTURE_AUTORELEASING = YES;
				CLANG_WARN_BOOL_CONVERSION = YES;
				CLANG_WARN_COMMA = YES;
				CLANG_WARN_CONSTANT_CONVERSION = YES;
				CLANG_WARN_DEPRECATED_OBJC_IMPLEMENTATIONS = YES;
				CLANG_WARN_DIRECT_OBJC_ISA_USAGE = YES_ERROR;
				CLANG_WARN_DOCUMENTATION_COMMENTS = YES;
				CLANG_WARN_EMPTY_BODY = YES;
				CLANG_WARN_ENUM_CONVERSION = YES;
				CLANG_WARN_INFINITE_RECURSION = YES;
				CLANG_WARN_INT_CONVERSION = YES;
				CLANG_WARN_NON_LITERAL_NULL_CONVERSION = YES;
				CLANG_WARN_OBJC_IMPLICIT_RETAIN_SELF = YES;
				CLANG_WARN_OBJC_LITERAL_CONVERSION = YES;
				CLANG_WARN_OBJC_ROOT_CLASS = YES_ERROR;
				CLANG_WARN_QUOTED_INCLUDE_IN_FRAMEWORK_HEADER = YES;
				CLANG_WARN_RANGE_LOOP_ANALYSIS = YES;
				CLANG_WARN_STRICT_PROTOTYPES = YES;
				CLANG_WARN_SUSPICIOUS_MOVE = YES;
				CLANG_WARN_UNGUARDED_AVAILABILITY = YES_AGGRESSIVE;
				CLANG_WARN_UNREACHABLE_CODE = YES;
				CLANG_WARN__DUPLICATE_METHOD_MATCH = YES;
				COPY_PHASE_STRIP = NO;
				DEBUG_INFORMATION_FORMAT = dwarf;
				DEVELOPMENT_TEAM = Z8827K2MDU;
				ENABLE_STRICT_OBJC_MSGSEND = YES;
				ENABLE_TESTABILITY = YES;
				ENABLE_USER_SCRIPT_SANDBOXING = YES;
				GCC_C_LANGUAGE_STANDARD = gnu17;
				GCC_DYNAMIC_NO_PIC = NO;
				GCC_NO_COMMON_BLOCKS = YES;
				GCC_OPTIMIZATION_LEVEL = 0;
				GCC_PREPROCESSOR_DEFINITIONS = (
					"DEBUG=1",
					"$(inherited)",
				);
				GCC_WARN_64_TO_32_BIT_CONVERSION = YES;
				GCC_WARN_ABOUT_RETURN_TYPE = YES_ERROR;
				GCC_WARN_UNDECLARED_SELECTOR = YES;
				GCC_WARN_UNINITIALIZED_AUTOS = YES_AGGRESSIVE;
				GCC_WARN_UNUSED_FUNCTION = YES;
				GCC_WARN_UNUSED_VARIABLE = YES;
				IPHONEOS_DEPLOYMENT_TARGET = 26.2;
				LOCALIZATION_PREFERS_STRING_CATALOGS = YES;
				MTL_ENABLE_DEBUG_INFO = INCLUDE_SOURCE;
				MTL_FAST_MATH = YES;
				ONLY_ACTIVE_ARCH = YES;
				SDKROOT = iphoneos;
				SWIFT_ACTIVE_COMPILATION_CONDITIONS = "DEBUG $(inherited)";
				SWIFT_OPTIMIZATION_LEVEL = "-Onone";
			};
			name = Debug;
		};
		1F725DC62F49A704007DF68D /* Release */ = {
			isa = XCBuildConfiguration;
			buildSettings = {
				ALWAYS_SEARCH_USER_PATHS = NO;
				ASSETCATALOG_COMPILER_GENERATE_SWIFT_ASSET_SYMBOL_EXTENSIONS = YES;
				CLANG_ANALYZER_NONNULL = YES;
				CLANG_ANALYZER_NUMBER_OBJECT_CONVERSION = YES_AGGRESSIVE;
				CLANG_CXX_LANGUAGE_STANDARD = "gnu++20";
				CLANG_ENABLE_MODULES = YES;
				CLANG_ENABLE_OBJC_ARC = YES;
				CLANG_ENABLE_OBJC_WEAK = YES;
				CLANG_WARN_BLOCK_CAPTURE_AUTORELEASING = YES;
				CLANG_WARN_BOOL_CONVERSION = YES;
				CLANG_WARN_COMMA = YES;
				CLANG_WARN_CONSTANT_CONVERSION = YES;
				CLANG_WARN_DEPRECATED_OBJC_IMPLEMENTATIONS = YES;
				CLANG_WARN_DIRECT_OBJC_ISA_USAGE = YES_ERROR;
				CLANG_WARN_DOCUMENTATION_COMMENTS = YES;
				CLANG_WARN_EMPTY_BODY = YES;
				CLANG_WARN_ENUM_CONVERSION = YES;
				CLANG_WARN_INFINITE_RECURSION = YES;
				CLANG_WARN_INT_CONVERSION = YES;
				CLANG_WARN_NON_LITERAL_NULL_CONVERSION = YES;
				CLANG_WARN_OBJC_IMPLICIT_RETAIN_SELF = YES;
				CLANG_WARN_OBJC_LITERAL_CONVERSION = YES;
				CLANG_WARN_OBJC_ROOT_CLASS = YES_ERROR;
				CLANG_WARN_QUOTED_INCLUDE_IN_FRAMEWORK_HEADER = YES;
				CLANG_WARN_RANGE_LOOP_ANALYSIS = YES;
				CLANG_WARN_STRICT_PROTOTYPES = YES;
				CLANG_WARN_SUSPICIOUS_MOVE = YES;
				CLANG_WARN_UNGUARDED_AVAILABILITY = YES_AGGRESSIVE;
				CLANG_WARN_UNREACHABLE_CODE = YES;
				CLANG_WARN__DUPLICATE_METHOD_MATCH = YES;
				COPY_PHASE_STRIP = NO;
				DEBUG_INFORMATION_FORMAT = "dwarf-with-dsym";
				DEVELOPMENT_TEAM = Z8827K2MDU;
				ENABLE_NS_ASSERTIONS = NO;
				ENABLE_STRICT_OBJC_MSGSEND = YES;
				ENABLE_USER_SCRIPT_SANDBOXING = YES;
				GCC_C_LANGUAGE_STANDARD = gnu17;
				GCC_NO_COMMON_BLOCKS = YES;
				GCC_WARN_64_TO_32_BIT_CONVERSION = YES;
				GCC_WARN_ABOUT_RETURN_TYPE = YES_ERROR;
				GCC_WARN_UNDECLARED_SELECTOR = YES;
				GCC_WARN_UNINITIALIZED_AUTOS = YES_AGGRESSIVE;
				GCC_WARN_UNUSED_FUNCTION = YES;
				GCC_WARN_UNUSED_VARIABLE = YES;
				IPHONEOS_DEPLOYMENT_TARGET = 26.2;
				LOCALIZATION_PREFERS_STRING_CATALOGS = YES;
				MTL_ENABLE_DEBUG_INFO = NO;
				MTL_FAST_MATH = YES;
				SDKROOT = iphoneos;
				SWIFT_COMPILATION_MODE = wholemodule;
				VALIDATE_PRODUCT = YES;
			};
			name = Release;
		};
/* End XCBuildConfiguration section */

/* Begin XCConfigurationList section */
		1F725DAA2F49A703007DF68D /* Build configuration list for PBXProject "Unsplash Gallery" */ = {
			isa = XCConfigurationList;
			buildConfigurations = (
				1F725DC52F49A704007DF68D /* Debug */,
				1F725DC62F49A704007DF68D /* Release */,
			);
			defaultConfigurationIsVisible = 0;
			defaultConfigurationName = Release;
		};
		1F725DC22F49A704007DF68D /* Build configuration list for PBXNativeTarget "Unsplash Gallery" */ = {
			isa = XCConfigurationList;
			buildConfigurations = (
				1F725DC32F49A704007DF68D /* Debug */,
				1F725DC42F49A704007DF68D /* Release */,
			);
			defaultConfigurationIsVisible = 0;
			defaultConfigurationName = Release;
		};
/* End XCConfigurationList section */

/* Begin XCRemoteSwiftPackageReference section */
		1F738D722F4EED8E0003BC35 /* XCRemoteSwiftPackageReference "Kingfisher" */ = {
			isa = XCRemoteSwiftPackageReference;
			repositoryURL = "https://github.com/onevcat/Kingfisher.git";
			requirement = {
				kind = upToNextMajorVersion;
				minimumVersion = 8.7.0;
			};
		};
		1F738D752F4EEDDA0003BC35 /* XCRemoteSwiftPackageReference "ProgressHUD" */ = {
			isa = XCRemoteSwiftPackageReference;
			repositoryURL = "https://github.com/relatedcode/ProgressHUD.git";
			requirement = {
				kind = upToNextMajorVersion;
				minimumVersion = 15.0.1;
			};
		};
		1F738D782F4EEEA90003BC35 /* XCRemoteSwiftPackageReference "SwiftKeychainWrapper" */ = {
			isa = XCRemoteSwiftPackageReference;
			repositoryURL = "https://github.com/jrendel/SwiftKeychainWrapper.git";
			requirement = {
				kind = upToNextMajorVersion;
				minimumVersion = 4.0.1;
			};
		};
/* End XCRemoteSwiftPackageReference section */

/* Begin XCSwiftPackageProductDependency section */
		1F738D732F4EED8F0003BC35 /* Kingfisher */ = {
			isa = XCSwiftPackageProductDependency;
			package = 1F738D722F4EED8E0003BC35 /* XCRemoteSwiftPackageReference "Kingfisher" */;
			productName = Kingfisher;
		};
		1F738D762F4EEDDA0003BC35 /* ProgressHUD */ = {
			isa = XCSwiftPackageProductDependency;
			package = 1F738D752F4EEDDA0003BC35 /* XCRemoteSwiftPackageReference "ProgressHUD" */;
			productName = ProgressHUD;
		};
		1F738D792F4EEEA90003BC35 /* SwiftKeychainWrapper */ = {
			isa = XCSwiftPackageProductDependency;
			package = 1F738D782F4EEEA90003BC35 /* XCRemoteSwiftPackageReference "SwiftKeychainWrapper" */;
			productName = SwiftKeychainWrapper;
		};
/* End XCSwiftPackageProductDependency section */

/* Begin XCVersionGroup section */
		1FBFA2062F52F77800616A3C /* FavouritesModel.xcdatamodeld */ = {
			isa = XCVersionGroup;
			children = (
				1FBFA2072F52F77800616A3C /* FavouritesModel.xcdatamodel */,
			);
			currentVersion = 1FBFA2072F52F77800616A3C /* FavouritesModel.xcdatamodel */;
			path = FavouritesModel.xcdatamodeld;
			sourceTree = "<group>";
			versionGroupType = wrapper.xcdatamodel;
		};
/* End XCVersionGroup section */
	};
	rootObject = 1F725DA72F49A703007DF68D /* Project object */;
}
